using System;
using System.Collections.Generic;
using System.ComponentModel;
using System.Data;
using System.Drawing;
using System.Linq;
using System.Text;
using System.Threading.Tasks;
using System.Windows.Forms;

namespace exercio_03
{
    public partial class Calculadadora : Form
    {
        public Calculadadora()
        {
            InitializeComponent();
        }

        private void textBox2_TextChanged(object sender, EventArgs e)
        {

        }

        private void Calculadadora_Load(object sender, EventArgs e)
        {

        }

        private void label1_Click(object sender, EventArgs e)
        {

        }

        private void btn_calcular_Click(object sender, EventArgs e)
        {
            int dividendo, divisor;
            int quocinte, restos;

            dividendo =int.Parse (txt_dividendo.Text);
            divisor=int.Parse (txt_divisor.Text);

            quocinte = dividendo / divisor;
            restos = dividendo % divisor;
            
            txt_Quociente.Text=quocinte.ToString();
            txt_restos.Text=restos.ToString();
        }

        private void btn_limpar_Click(object sender, EventArgs e)
        {
            txt_dividendo.Clear();
            txt_divisor.Text = "";
            txt_restos.Clear();
            txt_Quociente.Clear();
        }
    }
}
